
Microsoft Visual Studio Solution File, Format Version 12.00
# Visual Studio Version 16
VisualStudioVersion = 16.0.30406.217
MinimumVisualStudioVersion = 10.0.40219.1
Project("{FAE04EC0-301F-11D3-BF4B-00C04F79EFBC}") = "ConsoleAppCasting", "ConsoleAppCasting\ConsoleAppCasting.csproj", "{00C7652B-BA41-4768-8A65-A1FAD3A69DBF}"
EndProject
Global
	GlobalSection(SolutionConfigurationPlatforms) = preSolution
		Debug|Any CPU = Debug|Any CPU
		Release|Any CPU = Release|Any CPU
	EndGlobalSection
	GlobalSection(ProjectConfigurationPlatforms) = postSolution
		{00C7652B-BA41-4768-8A65-A1FAD3A69DBF}.Debug|Any CPU.ActiveCfg = Debug|Any CPU
		{00C7652B-BA41-4768-8A65-A1FAD3A69DBF}.Debug|Any CPU.Build.0 = Debug|Any CPU
		{00C7652B-BA41-4768-8A65-A1FAD3A69DBF}.Release|Any CPU.ActiveCfg = Release|Any CPU
		{00C7652B-BA41-4768-8A65-A1FAD3A69DBF}.Release|Any CPU.Build.0 = Release|Any CPU
	EndGlobalSection
	GlobalSection(SolutionProperties) = preSolution
		HideSolutionNode = FALSE
	EndGlobalSection
	GlobalSection(ExtensibilityGlobals) = postSolution
		SolutionGuid = {8B9F2B15-9CC6-4568-965B-868AA423B6AD}
	EndGlobalSection
EndGlobal
